
Microsoft Visual Studio Solution File, Format Version 12.00
# Visual Studio 2013
VisualStudioVersion = 12.0.30501.0
MinimumVisualStudioVersion = 10.0.40219.1
Project("{FAE04EC0-301F-11D3-BF4B-00C04F79EFBC}") = "HangmanGame", "HangmanGame\HangmanGame.csproj", "{8BD45E04-2463-426B-AD5B-2F4CC6964637}"
EndProject
Project("{FAE04EC0-301F-11D3-BF4B-00C04F79EFBC}") = "Tests", "Tests\Tests.csproj", "{7271B492-D041-42BF-BC10-A04CC11CB4CD}"
EndProject
Global
	GlobalSection(SolutionConfigurationPlatforms) = preSolution
		Debug|Any CPU = Debug|Any CPU
		Release|Any CPU = Release|Any CPU
	EndGlobalSection
	GlobalSection(ProjectConfigurationPlatforms) = postSolution
		{8BD45E04-2463-426B-AD5B-2F4CC6964637}.Debug|Any CPU.ActiveCfg = Debug|Any CPU
		{8BD45E04-2463-426B-AD5B-2F4CC6964637}.Debug|Any CPU.Build.0 = Debug|Any CPU
		{8BD45E04-2463-426B-AD5B-2F4CC6964637}.Release|Any CPU.ActiveCfg = Release|Any CPU
		{8BD45E04-2463-426B-AD5B-2F4CC6964637}.Release|Any CPU.Build.0 = Release|Any CPU
		{7271B492-D041-42BF-BC10-A04CC11CB4CD}.Debug|Any CPU.ActiveCfg = Debug|Any CPU
		{7271B492-D041-42BF-BC10-A04CC11CB4CD}.Debug|Any CPU.Build.0 = Debug|Any CPU
		{7271B492-D041-42BF-BC10-A04CC11CB4CD}.Release|Any CPU.ActiveCfg = Release|Any CPU
		{7271B492-D041-42BF-BC10-A04CC11CB4CD}.Release|Any CPU.Build.0 = Release|Any CPU
	EndGlobalSection
	GlobalSection(SolutionProperties) = preSolution
		HideSolutionNode = FALSE
	EndGlobalSection
EndGlobal
